
Microsoft Visual Studio Solution File, Format Version 12.00
# Visual Studio 15
VisualStudioVersion = 15.0.26430.14
MinimumVisualStudioVersion = 10.0.40219.1
Project("{2150E333-8FDC-42A3-9474-1A3956D46DE8}") = "Solution Items", "Solution Items", "{2B4E2973-E3E4-4ED5-93D9-08673974B5F4}"
	ProjectSection(SolutionItems) = preProject
		.gitignore = .gitignore
		appveyor.yml = appveyor.yml
		build-solution.ps1 = build-solution.ps1
		deploy-resources.ps1 = deploy-resources.ps1
		LICENSE = LICENSE
		README.md = README.md
		Settings.StyleCop = Settings.StyleCop
		YARM.sln.DotSettings = YARM.sln.DotSettings
	EndProjectSection
EndProject
Project("{2150E333-8FDC-42A3-9474-1A3956D46DE8}") = "src", "src", "{310A3A4A-4D6E-4F2D-B6AA-3036F28DA301}"
EndProject
Project("{2150E333-8FDC-42A3-9474-1A3956D46DE8}") = "test", "test", "{3C7E004D-5A49-43D2-B976-32EE5AD2396F}"
EndProject
Project("{FAE04EC0-301F-11D3-BF4B-00C04F79EFBC}") = "Yarm.FunctionApp", "src\Yarm.FunctionApp\Yarm.FunctionApp.csproj", "{0705FCC0-E44A-4586-9227-8E01962AFACE}"
EndProject
Project("{FAE04EC0-301F-11D3-BF4B-00C04F79EFBC}") = "Yarm.Functions", "src\Yarm.Functions\Yarm.Functions.csproj", "{C68D6249-AB03-4C24-979C-EC367C14027B}"
EndProject
Project("{151D2E53-A2C4-4D7D-83FE-D05416EBD58E}") = "Yarm.ResourceGroup", "src\Yarm.ResourceGroup\Yarm.ResourceGroup.deployproj", "{A8EBC542-76F4-4528-941E-DF78E93541CB}"
EndProject
Project("{FAE04EC0-301F-11D3-BF4B-00C04F79EFBC}") = "Yarm.Services", "src\Yarm.Services\Yarm.Services.csproj", "{C9752FA2-F0D5-41CF-9417-22960A0FBEA5}"
EndProject
Project("{FAE04EC0-301F-11D3-BF4B-00C04F79EFBC}") = "Yarm.Models", "src\Yarm.Models\Yarm.Models.csproj", "{62BCC7F5-AFFD-4429-8EDA-2B0959ED0D35}"
EndProject
Project("{FAE04EC0-301F-11D3-BF4B-00C04F79EFBC}") = "Yarm.Extensions", "src\Yarm.Extensions\Yarm.Extensions.csproj", "{DC23FCBB-6FBA-487B-B4C1-8BE3B5FD8F9A}"
EndProject
Project("{FAE04EC0-301F-11D3-BF4B-00C04F79EFBC}") = "Yarm.Extensions.Tests", "test\Yarm.Extensions.Tests\Yarm.Extensions.Tests.csproj", "{8F492FCF-2A17-46E9-8E39-3E48562D3EC9}"
EndProject
Project("{FAE04EC0-301F-11D3-BF4B-00C04F79EFBC}") = "Yarm.Services.Tests", "test\Yarm.Services.Tests\Yarm.Services.Tests.csproj", "{7680D6AB-E6B0-4263-9D12-494532064D66}"
EndProject
Global
	GlobalSection(SolutionConfigurationPlatforms) = preSolution
		Debug|Any CPU = Debug|Any CPU
		Release|Any CPU = Release|Any CPU
	EndGlobalSection
	GlobalSection(ProjectConfigurationPlatforms) = postSolution
		{0705FCC0-E44A-4586-9227-8E01962AFACE}.Debug|Any CPU.ActiveCfg = Debug|Any CPU
		{0705FCC0-E44A-4586-9227-8E01962AFACE}.Debug|Any CPU.Build.0 = Debug|Any CPU
		{0705FCC0-E44A-4586-9227-8E01962AFACE}.Release|Any CPU.ActiveCfg = Release|Any CPU
		{0705FCC0-E44A-4586-9227-8E01962AFACE}.Release|Any CPU.Build.0 = Release|Any CPU
		{C68D6249-AB03-4C24-979C-EC367C14027B}.Debug|Any CPU.ActiveCfg = Debug|Any CPU
		{C68D6249-AB03-4C24-979C-EC367C14027B}.Debug|Any CPU.Build.0 = Debug|Any CPU
		{C68D6249-AB03-4C24-979C-EC367C14027B}.Release|Any CPU.ActiveCfg = Release|Any CPU
		{C68D6249-AB03-4C24-979C-EC367C14027B}.Release|Any CPU.Build.0 = Release|Any CPU
		{A8EBC542-76F4-4528-941E-DF78E93541CB}.Debug|Any CPU.ActiveCfg = Debug|Any CPU
		{A8EBC542-76F4-4528-941E-DF78E93541CB}.Debug|Any CPU.Build.0 = Debug|Any CPU
		{A8EBC542-76F4-4528-941E-DF78E93541CB}.Release|Any CPU.ActiveCfg = Release|Any CPU
		{A8EBC542-76F4-4528-941E-DF78E93541CB}.Release|Any CPU.Build.0 = Release|Any CPU
		{C9752FA2-F0D5-41CF-9417-22960A0FBEA5}.Debug|Any CPU.ActiveCfg = Debug|Any CPU
		{C9752FA2-F0D5-41CF-9417-22960A0FBEA5}.Debug|Any CPU.Build.0 = Debug|Any CPU
		{C9752FA2-F0D5-41CF-9417-22960A0FBEA5}.Release|Any CPU.ActiveCfg = Release|Any CPU
		{C9752FA2-F0D5-41CF-9417-22960A0FBEA5}.Release|Any CPU.Build.0 = Release|Any CPU
		{62BCC7F5-AFFD-4429-8EDA-2B0959ED0D35}.Debug|Any CPU.ActiveCfg = Debug|Any CPU
		{62BCC7F5-AFFD-4429-8EDA-2B0959ED0D35}.Debug|Any CPU.Build.0 = Debug|Any CPU
		{62BCC7F5-AFFD-4429-8EDA-2B0959ED0D35}.Release|Any CPU.ActiveCfg = Release|Any CPU
		{62BCC7F5-AFFD-4429-8EDA-2B0959ED0D35}.Release|Any CPU.Build.0 = Release|Any CPU
		{DC23FCBB-6FBA-487B-B4C1-8BE3B5FD8F9A}.Debug|Any CPU.ActiveCfg = Debug|Any CPU
		{DC23FCBB-6FBA-487B-B4C1-8BE3B5FD8F9A}.Debug|Any CPU.Build.0 = Debug|Any CPU
		{DC23FCBB-6FBA-487B-B4C1-8BE3B5FD8F9A}.Release|Any CPU.ActiveCfg = Release|Any CPU
		{DC23FCBB-6FBA-487B-B4C1-8BE3B5FD8F9A}.Release|Any CPU.Build.0 = Release|Any CPU
		{8F492FCF-2A17-46E9-8E39-3E48562D3EC9}.Debug|Any CPU.ActiveCfg = Debug|Any CPU
		{8F492FCF-2A17-46E9-8E39-3E48562D3EC9}.Debug|Any CPU.Build.0 = Debug|Any CPU
		{8F492FCF-2A17-46E9-8E39-3E48562D3EC9}.Release|Any CPU.ActiveCfg = Release|Any CPU
		{8F492FCF-2A17-46E9-8E39-3E48562D3EC9}.Release|Any CPU.Build.0 = Release|Any CPU
		{7680D6AB-E6B0-4263-9D12-494532064D66}.Debug|Any CPU.ActiveCfg = Debug|Any CPU
		{7680D6AB-E6B0-4263-9D12-494532064D66}.Debug|Any CPU.Build.0 = Debug|Any CPU
		{7680D6AB-E6B0-4263-9D12-494532064D66}.Release|Any CPU.ActiveCfg = Release|Any CPU
		{7680D6AB-E6B0-4263-9D12-494532064D66}.Release|Any CPU.Build.0 = Release|Any CPU
	EndGlobalSection
	GlobalSection(SolutionProperties) = preSolution
		HideSolutionNode = FALSE
	EndGlobalSection
	GlobalSection(NestedProjects) = preSolution
		{0705FCC0-E44A-4586-9227-8E01962AFACE} = {310A3A4A-4D6E-4F2D-B6AA-3036F28DA301}
		{C68D6249-AB03-4C24-979C-EC367C14027B} = {310A3A4A-4D6E-4F2D-B6AA-3036F28DA301}
		{A8EBC542-76F4-4528-941E-DF78E93541CB} = {310A3A4A-4D6E-4F2D-B6AA-3036F28DA301}
		{C9752FA2-F0D5-41CF-9417-22960A0FBEA5} = {310A3A4A-4D6E-4F2D-B6AA-3036F28DA301}
		{62BCC7F5-AFFD-4429-8EDA-2B0959ED0D35} = {310A3A4A-4D6E-4F2D-B6AA-3036F28DA301}
		{DC23FCBB-6FBA-487B-B4C1-8BE3B5FD8F9A} = {310A3A4A-4D6E-4F2D-B6AA-3036F28DA301}
		{8F492FCF-2A17-46E9-8E39-3E48562D3EC9} = {3C7E004D-5A49-43D2-B976-32EE5AD2396F}
		{7680D6AB-E6B0-4263-9D12-494532064D66} = {3C7E004D-5A49-43D2-B976-32EE5AD2396F}
	EndGlobalSection
EndGlobal
